{
    "_meta": {
        "hash": {
            "sha256": "81ff7ac69486e6694c8097d71cb38ce2b528f0ffe150fc8087f9b1a6be5f1461"
        },
        "pipfile-spec": 6,
        "requires": {
            "python_version": "3.11"
        },
        "sources": [
            {
                "name": "pypi",
                "url": "https://pypi.org/simple",
                "verify_ssl": true
            }
        ]
    },
    "default": {
        "markdown2": {
            "hashes": [
                "sha256:7d49ca871d3e0e412c65d7d21fcbc13ae897f7876f3e5f14dd4db3b7fbf27f10",
                "sha256:90475aca3d9c8e7df6d70c51de5bbbe9edf7fcf6a380bd1044d321500f5445da"
            ],
            "index": "pypi",
            "version": "==2.4.8"
        }
    },
    "develop": {}
}
